lockfileVersion: '9.0'

settings:
  autoInstallPeers: true
  excludeLinksFromLockfile: false

importers:

  .:
    dependencies:
      '@libmedia/avcodec':
        specifier: 1.0.1
        version: 1.0.1
      '@libmedia/avformat':
        specifier: 1.0.1
        version: 1.0.1
      '@libmedia/avnetwork':
        specifier: 1.0.1
        version: 1.0.1
      '@libmedia/avutil':
        specifier: 1.0.1
        version: 1.0.1
      '@libmedia/cheap':
        specifier: ~1.0.2
        version: 1.0.2
      '@libmedia/common':
        specifier: ~2.0.1
        version: 2.0.1
      tslib:
        specifier: ^2.8.1
        version: 2.8.1
    devDependencies:
      '@types/node':
        specifier: ^22.7.6
        version: 22.18.0
      typescript:
        specifier: ^5.6.3
        version: 5.9.2

packages:

  '@libmedia/avcodec@1.0.1':
    resolution: {integrity: sha512-rynATvLdlFQqlSpm9krqIe4J5Ou+0WE1LPtvYwQUiwhxB48LA4+LWUPIrKeKWyTiYGxbUwZc99XuosmVMAGnHw==}

  '@libmedia/avformat@1.0.1':
    resolution: {integrity: sha512-/25DrgpMgIYz+pDOyg0lPKE4Oy3vfV05AMpRBCY0XQ7LzOh+TBk0dW11rB3dkcdl3c3gqR+X7YlSgoGCYvW30Q==}

  '@libmedia/avnetwork@1.0.1':
    resolution: {integrity: sha512-9LB2xr3Tmm4YgZXUvl/2kbpuy27gDpOkyqSKMy7Venc5AVcJSooTMfoa7JDeSfWaKq8vq4COeIUA5dwgKaxoRQ==}

  '@libmedia/avprotocol@1.0.1':
    resolution: {integrity: sha512-XlJKttGWi5ECdk39T9TA6W1THYUvuTy34QmpHngBl9XuN4ZdZLIjZKtT0ltQArg9ydRODk3YlhPoxgaqQ/IDzw==}

  '@libmedia/avutil@1.0.1':
    resolution: {integrity: sha512-nzQxvSkoHNnzGUKIHHV6Dkpyw+wj0sCVjdPCFxrMMCw0It/rGVAY63+fm+NvWYyepcrF2ZpJkE+G3qc1CzE0Qw==}

  '@libmedia/cheap@1.0.2':
    resolution: {integrity: sha512-+/cKOnL5+N+7N5aJZZP02byiKbBjtE2a53sWl1oeW6QvreESi6KVE3HLkor/dDgiIR1XbW9I6sJKpLH9pPDvew==}

  '@libmedia/common@2.0.1':
    resolution: {integrity: sha512-tIg23gxcjbQ0bvU1YMTS2FaG1q1kLg7CTGhp/8/W/X+u+vx7WLx+HvDvVnMkJnrBasHd9BfvL0pot7RS1IT+Cg==}

  '@types/node@22.18.0':
    resolution: {integrity: sha512-m5ObIqwsUp6BZzyiy4RdZpzWGub9bqLJMvZDD0QMXhxjqMHMENlj+SqF5QxoUwaQNFe+8kz8XM8ZQhqkQPTgMQ==}

  commander@13.1.0:
    resolution: {integrity: sha512-/rFeCpNJQbhSZjGVwO9RFV3xPqbnERS8MmIQzCtD/zl6gpJuV/bMLuN92oG3F7d8oDEHHRrujSXNUr8fpjntKw==}
    engines: {node: '>=18'}

  tslib@2.8.1:
    resolution: {integrity: sha512-oJFu94HQb+KVduSUQL7wnpmqnfmLsOA/nAh6b6EH0wCEoK0/mPeXU6c3wKDV83MkOuHPRHtSXKKU99IBazS/2w==}

  typescript@5.9.2:
    resolution: {integrity: sha512-CWBzXQrc/qOkhidw1OzBTQuYRbfyxDXJMVJ1XNwUHGROVmuaeiEm3OslpZ1RV96d7SKKjZKrSJu3+t/xlw3R9A==}
    engines: {node: '>=14.17'}
    hasBin: true

  undici-types@6.21.0:
    resolution: {integrity: sha512-iwDZqg0QAGrg9Rav5H4n0M64c3mkR59cJ6wQp+7C4nI0gsmExaedaYLNO44eT4AtBBwjbTiGPMlt2Md0T9H9JQ==}

snapshots:

  '@libmedia/avcodec@1.0.1':
    dependencies:
      '@libmedia/avformat': 1.0.1
      '@libmedia/avutil': 1.0.1
      '@libmedia/cheap': 1.0.2
      '@libmedia/common': 2.0.1

  '@libmedia/avformat@1.0.1':
    dependencies:
      '@libmedia/avcodec': 1.0.1
      '@libmedia/avprotocol': 1.0.1
      '@libmedia/avutil': 1.0.1
      '@libmedia/cheap': 1.0.2
      '@libmedia/common': 2.0.1

  '@libmedia/avnetwork@1.0.1':
    dependencies:
      '@libmedia/avformat': 1.0.1
      '@libmedia/avprotocol': 1.0.1
      '@libmedia/avutil': 1.0.1
      '@libmedia/cheap': 1.0.2
      '@libmedia/common': 2.0.1

  '@libmedia/avprotocol@1.0.1':
    dependencies:
      '@libmedia/avutil': 1.0.1
      '@libmedia/cheap': 1.0.2
      '@libmedia/common': 2.0.1

  '@libmedia/avutil@1.0.1':
    dependencies:
      '@libmedia/cheap': 1.0.2
      '@libmedia/common': 2.0.1

  '@libmedia/cheap@1.0.2':
    dependencies:
      '@libmedia/common': 2.0.1
      commander: 13.1.0

  '@libmedia/common@2.0.1': {}

  '@types/node@22.18.0':
    dependencies:
      undici-types: 6.21.0

  commander@13.1.0: {}

  tslib@2.8.1: {}

  typescript@5.9.2: {}

  undici-types@6.21.0: {}
