lockfileVersion: '9.0'

settings:
  autoInstallPeers: true
  excludeLinksFromLockfile: false

importers:

  .:
    dependencies:
      '@libmedia/avcodec':
        specifier: 0.10.0
        version: 0.10.0
      '@libmedia/avformat':
        specifier: 0.10.0
        version: 0.10.0
      '@libmedia/avnetwork':
        specifier: 0.10.0
        version: 0.10.0
      '@libmedia/avutil':
        specifier: 0.10.0
        version: 0.10.0
      '@libmedia/cheap':
        specifier: 0.10.0
        version: 0.10.0
      '@libmedia/common':
        specifier: 1.5.1
        version: 1.5.1
      tslib:
        specifier: ^2.8.1
        version: 2.8.1
    devDependencies:
      '@types/node':
        specifier: ^22.7.6
        version: 22.18.0
      typescript:
        specifier: ^5.6.3
        version: 5.9.2

packages:

  '@libmedia/avcodec@0.10.0':
    resolution: {integrity: sha512-ewhTwZGyV+341HzTxfZoYnp7DnR+cx7mSypGB1h4ynHw3qoz4877JQh2OwY8ZnfmeRs+tnXWrLppR99vzHrsyQ==}

  '@libmedia/avformat@0.10.0':
    resolution: {integrity: sha512-9ep+bAjEEQae7A2+ccJVN4b4xhS6cySqd5A3Fr4MXQCxthN1JemkCaLL0GSIZ8WRaSYjNH92E9QEs59W340i6g==}

  '@libmedia/avnetwork@0.10.0':
    resolution: {integrity: sha512-IdvFcyZJwOT4bBB+23FUsE8rvb6eEcF9DYxO3gYOk/mprfVL8jGor1YN7EQzuXqRh7cd0urmE9utfR+RCtDMnw==}

  '@libmedia/avprotocol@0.10.0':
    resolution: {integrity: sha512-3clwPXcAEMkBU615uqTVlXk1lBjfOYDf/SGB9fLMho9t70Psu6uP/l26wm7BQ6vJ7M1MoKZozI4LksRaG4VdpQ==}

  '@libmedia/avutil@0.10.0':
    resolution: {integrity: sha512-BB1cl5gBY5cKJaVcrFoE+wuMObQk/orCXS0djvWuXfXXYwlFsfaO5jWZHTTCb41qkKBY+6o1nGtra9aq75YMrQ==}

  '@libmedia/cheap@0.10.0':
    resolution: {integrity: sha512-H2cSIjIEKuSHYr9YvZzm+2wuDFpLBMe5DE9oDAjo/YgUIzEuQfyItfT6fQHgMUpcyYk+Yr60EvRP4UP67T3XDQ==}

  '@libmedia/common@1.5.1':
    resolution: {integrity: sha512-Ui8rcUE+5+SE0atBnE2LJ8PyW8hWAT8THjkI2KsxCb8md2oKxjsQpztQpNCkwpM1dsOesL2Aex8MFRRX6Ncocg==}

  '@types/node@22.18.0':
    resolution: {integrity: sha512-m5ObIqwsUp6BZzyiy4RdZpzWGub9bqLJMvZDD0QMXhxjqMHMENlj+SqF5QxoUwaQNFe+8kz8XM8ZQhqkQPTgMQ==}

  tslib@2.8.1:
    resolution: {integrity: sha512-oJFu94HQb+KVduSUQL7wnpmqnfmLsOA/nAh6b6EH0wCEoK0/mPeXU6c3wKDV83MkOuHPRHtSXKKU99IBazS/2w==}

  typescript@5.9.2:
    resolution: {integrity: sha512-CWBzXQrc/qOkhidw1OzBTQuYRbfyxDXJMVJ1XNwUHGROVmuaeiEm3OslpZ1RV96d7SKKjZKrSJu3+t/xlw3R9A==}
    engines: {node: '>=14.17'}
    hasBin: true

  undici-types@6.21.0:
    resolution: {integrity: sha512-iwDZqg0QAGrg9Rav5H4n0M64c3mkR59cJ6wQp+7C4nI0gsmExaedaYLNO44eT4AtBBwjbTiGPMlt2Md0T9H9JQ==}

snapshots:

  '@libmedia/avcodec@0.10.0':
    dependencies:
      '@libmedia/avformat': 0.10.0
      '@libmedia/avutil': 0.10.0
      '@libmedia/cheap': 0.10.0
      '@libmedia/common': 1.5.1

  '@libmedia/avformat@0.10.0':
    dependencies:
      '@libmedia/avcodec': 0.10.0
      '@libmedia/avprotocol': 0.10.0
      '@libmedia/avutil': 0.10.0
      '@libmedia/cheap': 0.10.0
      '@libmedia/common': 1.5.1

  '@libmedia/avnetwork@0.10.0':
    dependencies:
      '@libmedia/avformat': 0.10.0
      '@libmedia/avprotocol': 0.10.0
      '@libmedia/avutil': 0.10.0
      '@libmedia/cheap': 0.10.0
      '@libmedia/common': 1.5.1

  '@libmedia/avprotocol@0.10.0':
    dependencies:
      '@libmedia/avutil': 0.10.0
      '@libmedia/cheap': 0.10.0
      '@libmedia/common': 1.5.1

  '@libmedia/avutil@0.10.0':
    dependencies:
      '@libmedia/cheap': 0.10.0
      '@libmedia/common': 1.5.1

  '@libmedia/cheap@0.10.0':
    dependencies:
      '@libmedia/common': 1.5.1

  '@libmedia/common@1.5.1': {}

  '@types/node@22.18.0':
    dependencies:
      undici-types: 6.21.0

  tslib@2.8.1: {}

  typescript@5.9.2: {}

  undici-types@6.21.0: {}
